github.com/appwrite/sdk-for-go v0.2.0 h1:37rQFsq3rELRxYu/YHAatVLLDYfxAAM5ya2tvGurBKE=
github.com/appwrite/sdk-for-go v0.2.0/go.mod h1:aFiOAbfOzGS3811eMCt3T9WDBvjvPVAfOjw10Vghi4E=
github.com/joho/godotenv v1.5.1 h1:7eLL/+HRGLY0ldzfGMeQkb7vMd0as4CfYvUVzLqw0N0=
github.com/joho/godotenv v1.5.1/go.mod h1:f4LDr5Voq0i2e/R5DDNOoa2zzDfwtkZa6DnEwAbqwq4=
github.com/open-runtimes/types-for-go/v4 v4.0.7 h1:yIkdY8Q1438mVBgCO77pKLXfD2UOsMga5H0VVeMXEO8=
github.com/open-runtimes/types-for-go/v4 v4.0.7/go.mod h1:L6N4mNQFedFSlX5hOKmtjUTZdqD691YZlVtXOxC5DSw=
